
Microsoft Visual Studio Solution File, Format Version 12.00
# Visual Studio Version 17
VisualStudioVersion = 17.11.35222.181
MinimumVisualStudioVersion = 10.0.40219.1
Project("{FAE04EC0-301F-11D3-BF4B-00C04F79EFBC}") = "howtogetasks", "howtogetasks\howtogetasks.csproj", "{617BC077-CAA5-463E-859D-440865A54C96}"
EndProject
Global
	GlobalSection(SolutionConfigurationPlatforms) = preSolution
		Debug|Any CPU = Debug|Any CPU
		Release|Any CPU = Release|Any CPU
	EndGlobalSection
	GlobalSection(ProjectConfigurationPlatforms) = postSolution
		{617BC077-CAA5-463E-859D-440865A54C96}.Debug|Any CPU.ActiveCfg = Debug|Any CPU
		{617BC077-CAA5-463E-859D-440865A54C96}.Debug|Any CPU.Build.0 = Debug|Any CPU
		{617BC077-CAA5-463E-859D-440865A54C96}.Release|Any CPU.ActiveCfg = Release|Any CPU
		{617BC077-CAA5-463E-859D-440865A54C96}.Release|Any CPU.Build.0 = Release|Any CPU
	EndGlobalSection
	GlobalSection(SolutionProperties) = preSolution
		HideSolutionNode = FALSE
	EndGlobalSection
	GlobalSection(ExtensibilityGlobals) = postSolution
		SolutionGuid = {63DA2A34-C224-44FE-9078-4598699EEF16}
	EndGlobalSection
EndGlobal
